
Microsoft Visual Studio Solution File, Format Version 12.00
# Visual Studio 14
VisualStudioVersion = 14.0.23107.0
MinimumVisualStudioVersion = 10.0.40219.1
Project("{FAE04EC0-301F-11D3-BF4B-00C04F79EFBC}") = "Sensics.DeviceMetadataInstaller", "Sensics.DeviceMetadataInstaller\Sensics.DeviceMetadataInstaller.csproj", "{66E1FF34-FDC2-406D-A7BB-DC5F74F1B41C}"
EndProject
Project("{FAE04EC0-301F-11D3-BF4B-00C04F79EFBC}") = "DeviceMetadataInstallTool", "DeviceMetadataInstallTool\DeviceMetadataInstallTool.csproj", "{469FFD72-E914-4527-8358-7A588D2C1CCB}"
EndProject
Project("{FAE04EC0-301F-11D3-BF4B-00C04F79EFBC}") = "DeviceMetadataInspector", "DeviceMetadataInspector\DeviceMetadataInspector.csproj", "{453D1D70-041F-4DC7-A240-2788B5D24A94}"
EndProject
Project("{FAE04EC0-301F-11D3-BF4B-00C04F79EFBC}") = "Sensics.SystemUtilities", "Sensics.SystemUtilities\Sensics.SystemUtilities.csproj", "{2AB405F0-2A32-4D92-B832-3F1AE9782651}"
EndProject
Project("{FAE04EC0-301F-11D3-BF4B-00C04F79EFBC}") = "Sensics.CabTools", "Sensics.CabTools\Sensics.CabTools.csproj", "{E3DFA175-5C3D-4646-98F2-93D27A13D0EC}"
EndProject
Project("{2150E333-8FDC-42A3-9474-1A3956D46DE8}") = "CabTools", "CabTools", "{D58715F9-2A51-4F7A-97A8-2B257A6A864B}"
EndProject
Project("{FAE04EC0-301F-11D3-BF4B-00C04F79EFBC}") = "Sensics.CabTools.Shell32CabFile", "Sensics.CabTools.Shell32\Sensics.CabTools.Shell32CabFile.csproj", "{A848D006-B14F-4ECF-A2A7-15E4FF7C3D9B}"
EndProject
Project("{FAE04EC0-301F-11D3-BF4B-00C04F79EFBC}") = "Sensics.CabTools.DFTCabFile", "Sensics.CabTools.DFTCabFile\Sensics.CabTools.DFTCabFile.csproj", "{A075AA51-7EFC-4DF6-B11D-6459AA9A6701}"
EndProject
Project("{2150E333-8FDC-42A3-9474-1A3956D46DE8}") = "Assemblies", "Assemblies", "{9D98604F-740B-4093-BD77-D1E18F4CE3B8}"
EndProject
Project("{2150E333-8FDC-42A3-9474-1A3956D46DE8}") = "Applications", "Applications", "{0220C41E-A151-4EAE-A74D-5F09C8E52C28}"
EndProject
Global
	GlobalSection(SolutionConfigurationPlatforms) = preSolution
		Debug|Any CPU = Debug|Any CPU
		Release|Any CPU = Release|Any CPU
	EndGlobalSection
	GlobalSection(ProjectConfigurationPlatforms) = postSolution
		{66E1FF34-FDC2-406D-A7BB-DC5F74F1B41C}.Debug|Any CPU.ActiveCfg = Debug|Any CPU
		{66E1FF34-FDC2-406D-A7BB-DC5F74F1B41C}.Debug|Any CPU.Build.0 = Debug|Any CPU
		{66E1FF34-FDC2-406D-A7BB-DC5F74F1B41C}.Release|Any CPU.ActiveCfg = Release|Any CPU
		{66E1FF34-FDC2-406D-A7BB-DC5F74F1B41C}.Release|Any CPU.Build.0 = Release|Any CPU
		{469FFD72-E914-4527-8358-7A588D2C1CCB}.Debug|Any CPU.ActiveCfg = Debug|Any CPU
		{469FFD72-E914-4527-8358-7A588D2C1CCB}.Debug|Any CPU.Build.0 = Debug|Any CPU
		{469FFD72-E914-4527-8358-7A588D2C1CCB}.Release|Any CPU.ActiveCfg = Release|Any CPU
		{469FFD72-E914-4527-8358-7A588D2C1CCB}.Release|Any CPU.Build.0 = Release|Any CPU
		{453D1D70-041F-4DC7-A240-2788B5D24A94}.Debug|Any CPU.ActiveCfg = Debug|Any CPU
		{453D1D70-041F-4DC7-A240-2788B5D24A94}.Debug|Any CPU.Build.0 = Debug|Any CPU
		{453D1D70-041F-4DC7-A240-2788B5D24A94}.Release|Any CPU.ActiveCfg = Release|Any CPU
		{453D1D70-041F-4DC7-A240-2788B5D24A94}.Release|Any CPU.Build.0 = Release|Any CPU
		{2AB405F0-2A32-4D92-B832-3F1AE9782651}.Debug|Any CPU.ActiveCfg = Debug|Any CPU
		{2AB405F0-2A32-4D92-B832-3F1AE9782651}.Debug|Any CPU.Build.0 = Debug|Any CPU
		{2AB405F0-2A32-4D92-B832-3F1AE9782651}.Release|Any CPU.ActiveCfg = Release|Any CPU
		{2AB405F0-2A32-4D92-B832-3F1AE9782651}.Release|Any CPU.Build.0 = Release|Any CPU
		{E3DFA175-5C3D-4646-98F2-93D27A13D0EC}.Debug|Any CPU.ActiveCfg = Debug|Any CPU
		{E3DFA175-5C3D-4646-98F2-93D27A13D0EC}.Debug|Any CPU.Build.0 = Debug|Any CPU
		{E3DFA175-5C3D-4646-98F2-93D27A13D0EC}.Release|Any CPU.ActiveCfg = Release|Any CPU
		{E3DFA175-5C3D-4646-98F2-93D27A13D0EC}.Release|Any CPU.Build.0 = Release|Any CPU
		{A848D006-B14F-4ECF-A2A7-15E4FF7C3D9B}.Debug|Any CPU.ActiveCfg = Debug|Any CPU
		{A848D006-B14F-4ECF-A2A7-15E4FF7C3D9B}.Debug|Any CPU.Build.0 = Debug|Any CPU
		{A848D006-B14F-4ECF-A2A7-15E4FF7C3D9B}.Release|Any CPU.ActiveCfg = Release|Any CPU
		{A848D006-B14F-4ECF-A2A7-15E4FF7C3D9B}.Release|Any CPU.Build.0 = Release|Any CPU
		{A075AA51-7EFC-4DF6-B11D-6459AA9A6701}.Debug|Any CPU.ActiveCfg = Debug|Any CPU
		{A075AA51-7EFC-4DF6-B11D-6459AA9A6701}.Debug|Any CPU.Build.0 = Debug|Any CPU
		{A075AA51-7EFC-4DF6-B11D-6459AA9A6701}.Release|Any CPU.ActiveCfg = Release|Any CPU
		{A075AA51-7EFC-4DF6-B11D-6459AA9A6701}.Release|Any CPU.Build.0 = Release|Any CPU
	EndGlobalSection
	GlobalSection(SolutionProperties) = preSolution
		HideSolutionNode = FALSE
	EndGlobalSection
	GlobalSection(NestedProjects) = preSolution
		{66E1FF34-FDC2-406D-A7BB-DC5F74F1B41C} = {9D98604F-740B-4093-BD77-D1E18F4CE3B8}
		{469FFD72-E914-4527-8358-7A588D2C1CCB} = {0220C41E-A151-4EAE-A74D-5F09C8E52C28}
		{453D1D70-041F-4DC7-A240-2788B5D24A94} = {0220C41E-A151-4EAE-A74D-5F09C8E52C28}
		{2AB405F0-2A32-4D92-B832-3F1AE9782651} = {9D98604F-740B-4093-BD77-D1E18F4CE3B8}
		{E3DFA175-5C3D-4646-98F2-93D27A13D0EC} = {D58715F9-2A51-4F7A-97A8-2B257A6A864B}
		{D58715F9-2A51-4F7A-97A8-2B257A6A864B} = {9D98604F-740B-4093-BD77-D1E18F4CE3B8}
		{A848D006-B14F-4ECF-A2A7-15E4FF7C3D9B} = {D58715F9-2A51-4F7A-97A8-2B257A6A864B}
		{A075AA51-7EFC-4DF6-B11D-6459AA9A6701} = {D58715F9-2A51-4F7A-97A8-2B257A6A864B}
	EndGlobalSection
EndGlobal
